
Microsoft Visual Studio Solution File, Format Version 12.00
# Visual Studio Version 16
VisualStudioVersion = 16.0.30114.105
MinimumVisualStudioVersion = 10.0.40219.1
Project("{FAE04EC0-301F-11D3-BF4B-00C04F79EFBC}") = "Domain", "Domain\Domain.csproj", "{51DC0780-CBB7-4275-98A7-C9B17FDA3D3F}"
EndProject
Project("{FAE04EC0-301F-11D3-BF4B-00C04F79EFBC}") = "MainApp", "MainApp\MainApp.csproj", "{37EF9A4E-CF3F-4D4A-A525-B514AF739239}"
EndProject
Project("{FAE04EC0-301F-11D3-BF4B-00C04F79EFBC}") = "Services", "Services\Services.csproj", "{928487DE-36F4-4260-8341-2810B863E866}"
EndProject
Global
	GlobalSection(SolutionConfigurationPlatforms) = preSolution
		Debug|Any CPU = Debug|Any CPU
		Release|Any CPU = Release|Any CPU
	EndGlobalSection
	GlobalSection(SolutionProperties) = preSolution
		HideSolutionNode = FALSE
	EndGlobalSection
	GlobalSection(ProjectConfigurationPlatforms) = postSolution
		{51DC0780-CBB7-4275-98A7-C9B17FDA3D3F}.Debug|Any CPU.ActiveCfg = Debug|Any CPU
		{51DC0780-CBB7-4275-98A7-C9B17FDA3D3F}.Debug|Any CPU.Build.0 = Debug|Any CPU
		{51DC0780-CBB7-4275-98A7-C9B17FDA3D3F}.Release|Any CPU.ActiveCfg = Release|Any CPU
		{51DC0780-CBB7-4275-98A7-C9B17FDA3D3F}.Release|Any CPU.Build.0 = Release|Any CPU
		{37EF9A4E-CF3F-4D4A-A525-B514AF739239}.Debug|Any CPU.ActiveCfg = Debug|Any CPU
		{37EF9A4E-CF3F-4D4A-A525-B514AF739239}.Debug|Any CPU.Build.0 = Debug|Any CPU
		{37EF9A4E-CF3F-4D4A-A525-B514AF739239}.Release|Any CPU.ActiveCfg = Release|Any CPU
		{37EF9A4E-CF3F-4D4A-A525-B514AF739239}.Release|Any CPU.Build.0 = Release|Any CPU
		{928487DE-36F4-4260-8341-2810B863E866}.Debug|Any CPU.ActiveCfg = Debug|Any CPU
		{928487DE-36F4-4260-8341-2810B863E866}.Debug|Any CPU.Build.0 = Debug|Any CPU
		{928487DE-36F4-4260-8341-2810B863E866}.Release|Any CPU.ActiveCfg = Release|Any CPU
		{928487DE-36F4-4260-8341-2810B863E866}.Release|Any CPU.Build.0 = Release|Any CPU
	EndGlobalSection
EndGlobal
